{
  "name": "ink-core-main-program",
  "version": "1.6.5-rc.1",
  "lockfileVersion": 3,
  "requires": true,
  "packages": {
    "": {
      "name": "ink-core-main-program",
      "version": "1.6.5-rc.1",
      "bin": {
        "ink-approve": "scripts/ink-cli.mjs",
        "ink-doctor": "scripts/ink-doctor.mjs",
        "ink-execute": "scripts/ink-cli.mjs",
        "ink-export": "scripts/ink-cli.mjs",
        "ink-modify": "scripts/ink-cli.mjs",
        "ink-plan": "scripts/ink-cli.mjs",
        "ink-preview": "scripts/ink-cli.mjs",
        "ink-recipe": "scripts/ink-recipe.mjs",
        "ink-rollback": "scripts/ink-cli.mjs"
      },
      "devDependencies": {},
      "engines": {
        "node": ">=22.0.0 <25",
        "npm": ">=10 <12"
      }
    }
  }
}
