{
  "name": "ink-ra-001-external-geometry-benchmark",
  "lockfileVersion": 3,
  "requires": true,
  "packages": {
    "": {
      "name": "ink-ra-001-external-geometry-benchmark",
      "dependencies": {
        "bezier-js": "6.1.4",
        "clipper2-ts": "2.0.1-18",
        "paper": "0.12.18"
      }
    },
    "node_modules/bezier-js": {
      "version": "6.1.4",
      "resolved": "https://registry.npmjs.org/bezier-js/-/bezier-js-6.1.4.tgz",
      "integrity": "sha512-PA0FW9ZpcHbojUCMu28z9Vg/fNkwTj5YhusSAjHHDfHDGLxJ6YUKrAN2vk1fP2MMOxVw4Oko16FMlRGVBGqLKg==",
      "license": "MIT",
      "funding": {
        "type": "individual",
        "url": "https://github.com/Pomax/bezierjs/blob/master/FUNDING.md"
      }
    },
    "node_modules/clipper2-ts": {
      "version": "2.0.1-18",
      "resolved": "https://registry.npmjs.org/clipper2-ts/-/clipper2-ts-2.0.1-18.tgz",
      "integrity": "sha512-WuRO1ZHzyYTVHY78r4wVWVydvQ+1lx9qZ+DeZa/8zhvrxIgCVzElJ6lwSMGtUUKFPefhvfJsHZ5C9RNkgisCOQ==",
      "license": "BSL-1.0",
      "engines": {
        "node": ">=14.0.0"
      }
    },
    "node_modules/paper": {
      "version": "0.12.18",
      "resolved": "https://registry.npmjs.org/paper/-/paper-0.12.18.tgz",
      "integrity": "sha512-ZSLIEejQTJZuYHhSSqAf4jXOnii0kPhCJGAnYAANtdS72aNwXJ9cP95tZHgq1tnNpvEwgQhggy+4OarviqTCGw==",
      "license": "MIT",
      "workspaces": [
        "packages/*"
      ],
      "engines": {
        "node": ">=8.0.0"
      }
    }
  }
}
